
Microsoft Visual Studio Solution File, Format Version 12.00
# Visual Studio Version 17
VisualStudioVersion = 17.6.33829.357
MinimumVisualStudioVersion = 10.0.40219.1
Project("{9A19103F-16F7-4668-BE54-9A1E7A4F7556}") = "Dot4GPT", "Dot4GPT\Dot4GPT.csproj", "{493B2B95-1461-4512-9C0D-5787D97D8A5B}"
EndProject
Global
	GlobalSection(SolutionConfigurationPlatforms) = preSolution
		Debug|Any CPU = Debug|Any CPU
		Release|Any CPU = Release|Any CPU
	EndGlobalSection
	GlobalSection(ProjectConfigurationPlatforms) = postSolution
		{493B2B95-1461-4512-9C0D-5787D97D8A5B}.Debug|Any CPU.ActiveCfg = Debug|Any CPU
		{493B2B95-1461-4512-9C0D-5787D97D8A5B}.Debug|Any CPU.Build.0 = Debug|Any CPU
		{493B2B95-1461-4512-9C0D-5787D97D8A5B}.Release|Any CPU.ActiveCfg = Release|Any CPU
		{493B2B95-1461-4512-9C0D-5787D97D8A5B}.Release|Any CPU.Build.0 = Release|Any CPU
	EndGlobalSection
	GlobalSection(SolutionProperties) = preSolution
		HideSolutionNode = FALSE
	EndGlobalSection
	GlobalSection(ExtensibilityGlobals) = postSolution
		SolutionGuid = {73ADFC1D-B346-484B-8313-43645526D3AF}
	EndGlobalSection
EndGlobal
